
Microsoft Visual Studio Solution File, Format Version 12.00
# Visual Studio Version 17
VisualStudioVersion = 17.11.35327.3
MinimumVisualStudioVersion = 10.0.40219.1
Project("{778DAE3C-4631-46EA-AA77-85C1314464D9}") = "TrycicleFranchiseInformationSystem", "TrycicleFranchiseInformationSystem\TrycicleFranchiseInformationSystem.vbproj", "{E18E8283-26BA-4591-9464-F78F7E527DD8}"
EndProject
Project("{2150E333-8FDC-42A3-9474-1A3956D46DE8}") = "Solution Items", "Solution Items", "{77D09DC6-F23B-4B82-BEEE-1CB62616A7DC}"
	ProjectSection(SolutionItems) = preProject
		.editorconfig = .editorconfig
	EndProjectSection
EndProject
Project("{778DAE3C-4631-46EA-AA77-85C1314464D9}") = "Admin_User_Interface", "Admin_User_Interface\Admin_User_Interface\Admin_User_Interface.vbproj", "{E97BB8A2-20EA-4A66-8047-BF7C935DFAFE}"
EndProject
Global
	GlobalSection(SolutionConfigurationPlatforms) = preSolution
		Debug|Any CPU = Debug|Any CPU
		Release|Any CPU = Release|Any CPU
	EndGlobalSection
	GlobalSection(ProjectConfigurationPlatforms) = postSolution
		{E18E8283-26BA-4591-9464-F78F7E527DD8}.Debug|Any CPU.ActiveCfg = Debug|Any CPU
		{E18E8283-26BA-4591-9464-F78F7E527DD8}.Debug|Any CPU.Build.0 = Debug|Any CPU
		{E18E8283-26BA-4591-9464-F78F7E527DD8}.Release|Any CPU.ActiveCfg = Release|Any CPU
		{E18E8283-26BA-4591-9464-F78F7E527DD8}.Release|Any CPU.Build.0 = Release|Any CPU
		{E97BB8A2-20EA-4A66-8047-BF7C935DFAFE}.Debug|Any CPU.ActiveCfg = Debug|Any CPU
		{E97BB8A2-20EA-4A66-8047-BF7C935DFAFE}.Debug|Any CPU.Build.0 = Debug|Any CPU
		{E97BB8A2-20EA-4A66-8047-BF7C935DFAFE}.Release|Any CPU.ActiveCfg = Release|Any CPU
		{E97BB8A2-20EA-4A66-8047-BF7C935DFAFE}.Release|Any CPU.Build.0 = Release|Any CPU
	EndGlobalSection
	GlobalSection(SolutionProperties) = preSolution
		HideSolutionNode = FALSE
	EndGlobalSection
	GlobalSection(ExtensibilityGlobals) = postSolution
		SolutionGuid = {94E6C10C-AEC4-40F3-8FDF-14042063AE36}
	EndGlobalSection
EndGlobal
